// !$*UTF8*$!
{
	archiveVersion = 1;
	classes = {
	};
	objectVersion = 46;
	objects = {

/* Begin PBXBuildFile section */
		219D227F1D64052900EC19FA /* AppDelegate.swift in Sources */ = {isa = PBXBuildFile; fileRef = 219D227E1D64052900EC19FA /* AppDelegate.swift */; };
		219D22811D64052900EC19FA /* ViewController.swift in Sources */ = {isa = PBXBuildFile; fileRef = 219D22801D64052900EC19FA /* ViewController.swift */; };
		219D22841D64052900EC19FA /* Main.storyboard in Resources */ = {isa = PBXBuildFile; fileRef = 219D22821D64052900EC19FA /* Main.storyboard */; };
		219D22861D64052900EC19FA /* Assets.xcassets in Resources */ = {isa = PBXBuildFile; fileRef = 219D22851D64052900EC19FA /* Assets.xcassets */; };
		219D22891D64052900EC19FA /* LaunchScreen.storyboard in Resources */ = {isa = PBXBuildFile; fileRef = 219D22871D64052900EC19FA /* LaunchScreen.storyboard */; };
		219D22911D64053700EC19FA /* wink.png in Resources */ = {isa = PBXBuildFile; fileRef = 219D22901D64053700EC19FA /* wink.png */; };
/* End PBXBuildFile section */

/* Begin PBXFileReference section */
		219D227B1D64052900EC19FA /* Gestures.app */ = {isa = PBXFileReference; explicitFileType = wrapper.application; includeInIndex = 0; path = Gestures.app; sourceTree = BUILT_PRODUCTS_DIR; };
		219D227E1D64052900EC19FA /* AppDelegate.swift */ = {isa = PBXFileReference; lastKnownFileType = sourcecode.swift; path = AppDelegate.swift; sourceTree = "<group>"; };
		219D22801D64052900EC19FA /* ViewController.swift */ = {isa = PBXFileReference; lastKnownFileType = sourcecode.swift; path = ViewController.swift; sourceTree = "<group>"; };
		219D22831D64052900EC19FA /* Base */ = {isa = PBXFileReference; lastKnownFileType = file.storyboard; name = Base; path = Base.lproj/Main.storyboard; sourceTree = "<group>"; };
		219D22851D64052900EC19FA /* Assets.xcassets */ = {isa = PBXFileReference; lastKnownFileType = folder.assetcatalog; path = Assets.xcassets; sourceTree = "<group>"; };
		219D22881D64052900EC19FA /* Base */ = {isa = PBXFileReference; lastKnownFileType = file.storyboard; name = Base; path = Base.lproj/LaunchScreen.storyboard; sourceTree = "<group>"; };
		219D228A1D64052900EC19FA /* Info.plist */ = {isa = PBXFileReference; lastKnownFileType = text.plist.xml; path = Info.plist; sourceTree = "<group>"; };
		219D22901D64053700EC19FA /* wink.png */ = {isa = PBXFileReference; lastKnownFileType = image.png; name = wink.png; path = ../wink.png; sourceTree = "<group>"; };
/* End PBXFileReference section */

/* Begin PBXFrameworksBuildPhase section */
		219D22781D64052900EC19FA /* Frameworks */ = {
			isa = PBXFrameworksBuildPhase;
			buildActionMask = 2147483647;
			files = (
			);
			runOnlyForDeploymentPostprocessing = 0;
		};
/* End PBXFrameworksBuildPhase section */

/* Begin PBXGroup section */
		219D22721D64052900EC19FA = {
			isa = PBXGroup;
			children = (
				219D227D1D64052900EC19FA /* Gestures */,
				219D227C1D64052900EC19FA /* Products */,
			);
			sourceTree = "<group>";
		};
		219D227C1D64052900EC19FA /* Products */ = {
			isa = PBXGroup;
			children = (
				219D227B1D64052900EC19FA /* Gestures.app */,
			);
			name = Products;
			sourceTree = "<group>";
		};
		219D227D1D64052900EC19FA /* Gestures */ = {
			isa = PBXGroup;
			children = (
				219D227E1D64052900EC19FA /* AppDelegate.swift */,
				219D22801D64052900EC19FA /* ViewController.swift */,
				219D22821D64052900EC19FA /* Main.storyboard */,
				219D22851D64052900EC19FA /* Assets.xcassets */,
				219D22871D64052900EC19FA /* LaunchScreen.storyboard */,
				219D228A1D64052900EC19FA /* Info.plist */,
				219D22901D64053700EC19FA /* wink.png */,
			);
			path = Gestures;
			sourceTree = "<group>";
		};
/* End PBXGroup section */

/* Begin PBXNativeTarget section */
		219D227A1D64052900EC19FA /* Gestures */ = {
			isa = PBXNativeTarget;
			buildConfigurationList = 219D228D1D64052900EC19FA /* Build configuration list for PBXNativeTarget "Gestures" */;
			buildPhases = (
				219D22771D64052900EC19FA /* Sources */,
				219D22781D64052900EC19FA /* Frameworks */,
				219D22791D64052900EC19FA /* Resources */,
			);
			buildRules = (
			);
			dependencies = (
			);
			name = Gestures;
			productName = Gestures;
			productReference = 219D227B1D64052900EC19FA /* Gestures.app */;
			productType = "com.apple.product-type.application";
		};
/* End PBXNativeTarget section */

/* Begin PBXProject section */
		219D22731D64052900EC19FA /* Project object */ = {
			isa = PBXProject;
			attributes = {
				LastSwiftUpdateCheck = 0800;
				LastUpgradeCheck = 0800;
				ORGANIZATIONNAME = PacktPub;
				TargetAttributes = {
					219D227A1D64052900EC19FA = {
						CreatedOnToolsVersion = 8.0;
						DevelopmentTeam = C8L677C7HM;
						DevelopmentTeamName = "Jak Tiano";
						ProvisioningStyle = Automatic;
					};
				};
			};
			buildConfigurationList = 219D22761D64052900EC19FA /* Build configuration list for PBXProject "Gestures" */;
			compatibilityVersion = "Xcode 3.2";
			developmentRegion = English;
			hasScannedForEncodings = 0;
			knownRegions = (
				en,
				Base,
			);
			mainGroup = 219D22721D64052900EC19FA;
			productRefGroup = 219D227C1D64052900EC19FA /* Products */;
			projectDirPath = "";
			projectRoot = "";
			targets = (
				219D227A1D64052900EC19FA /* Gestures */,
			);
		};
/* End PBXProject section */

/* Begin PBXResourcesBuildPhase section */
		219D22791D64052900EC19FA /* Resources */ = {
			isa = PBXResourcesBuildPhase;
			buildActionMask = 2147483647;
			files = (
				219D22911D64053700EC19FA /* wink.png in Resources */,
				219D22891D64052900EC19FA /* LaunchScreen.storyboard in Resources */,
				219D22861D64052900EC19FA /* Assets.xcassets in Resources */,
				219D22841D64052900EC19FA /* Main.storyboard in Resources */,
			);
			runOnlyForDeploymentPostprocessing = 0;
		};
/* End PBXResourcesBuildPhase section */

/* Begin PBXSourcesBuildPhase section */
		219D22771D64052900EC19FA /* Sources */ = {
			isa = PBXSourcesBuildPhase;
			buildActionMask = 2147483647;
			files = (
				219D22811D64052900EC19FA /* ViewController.swift in Sources */,
				219D227F1D64052900EC19FA /* AppDelegate.swift in Sources */,
			);
			runOnlyForDeploymentPostprocessing = 0;
		};
/* End PBXSourcesBuildPhase section */

/* Begin PBXVariantGroup section */
		219D22821D64052900EC19FA /* Main.storyboard */ = {
			isa = PBXVariantGroup;
			children = (
				219D22831D64052900EC19FA /* Base */,
			);
			name = Main.storyboard;
			sourceTree = "<group>";
		};
		219D22871D64052900EC19FA /* LaunchScreen.storyboard */ = {
			isa = PBXVariantGroup;
			children = (
				219D22881D64052900EC19FA /* Base */,
			);
			name = LaunchScreen.storyboard;
			sourceTree = "<group>";
		};
/* End PBXVariantGroup section */

/* Begin XCBuildConfiguration section */
		219D228B1D64052900EC19FA /* Debug */ = {
			isa = XCBuildConfiguration;
			buildSettings = {
				ALWAYS_SEARCH_USER_PATHS = NO;
				CLANG_ANALYZER_NONNULL = YES;
				CLANG_CXX_LANGUAGE_STANDARD = "gnu++0x";
				CLANG_CXX_LIBRARY = "libc++";
				CLANG_ENABLE_MODULES = YES;
				CLANG_ENABLE_OBJC_ARC = YES;
				CLANG_WARN_BOOL_CONVERSION = YES;
				CLANG_WARN_CONSTANT_CONVERSION = YES;
				CLANG_WARN_DIRECT_OBJC_ISA_USAGE = YES_ERROR;
				CLANG_WARN_DOCUMENTATION_COMMENTS = YES;
				CLANG_WARN_EMPTY_BODY = YES;
				CLANG_WARN_ENUM_CONVERSION = YES;
				CLANG_WARN_INT_CONVERSION = YES;
				CLANG_WARN_OBJC_ROOT_CLASS = YES_ERROR;
				CLANG_WARN_UNREACHABLE_CODE = YES;
				CLANG_WARN__DUPLICATE_METHOD_MATCH = YES;
				"CODE_SIGN_IDENTITY[sdk=iphoneos*]" = "iPhone Developer";
				COPY_PHASE_STRIP = NO;
				DEBUG_INFORMATION_FORMAT = dwarf;
				ENABLE_STRICT_OBJC_MSGSEND = YES;
				ENABLE_TESTABILITY = YES;
				GCC_C_LANGUAGE_STANDARD = gnu99;
				GCC_DYNAMIC_NO_PIC = NO;
				GCC_NO_COMMON_BLOCKS = YES;
				GCC_OPTIMIZATION_LEVEL = 0;
				GCC_PREPROCESSOR_DEFINITIONS = (
					"DEBUG=1",
					"$(inherited)",
				);
				GCC_WARN_64_TO_32_BIT_CONVERSION = YES;
				GCC_WARN_ABOUT_RETURN_TYPE = YES_ERROR;
				GCC_WARN_UNDECLARED_SELECTOR = YES;
				GCC_WARN_UNINITIALIZED_AUTOS = YES_AGGRESSIVE;
				GCC_WARN_UNUSED_FUNCTION = YES;
				GCC_WARN_UNUSED_VARIABLE = YES;
				IPHONEOS_DEPLOYMENT_TARGET = 10.0;
				MTL_ENABLE_DEBUG_INFO = YES;
				ONLY_ACTIVE_ARCH = YES;
				SDKROOT = iphoneos;
				SWIFT_ACTIVE_COMPILATION_CONDITIONS = DEBUG;
				SWIFT_OPTIMIZATION_LEVEL = "-Onone";
				TARGETED_DEVICE_FAMILY = "1,2";
			};
			name = Debug;
		};
		219D228C1D64052900EC19FA /* Release */ = {
			isa = XCBuildConfiguration;
			buildSettings = {
				ALWAYS_SEARCH_USER_PATHS = NO;
				CLANG_ANALYZER_NONNULL = YES;
				CLANG_CXX_LANGUAGE_STANDARD = "gnu++0x";
				CLANG_CXX_LIBRARY = "libc++";
				CLANG_ENABLE_MODULES = YES;
				CLANG_ENABLE_OBJC_ARC = YES;
				CLANG_WARN_BOOL_CONVERSION = YES;
				CLANG_WARN_CONSTANT_CONVERSION = YES;
				CLANG_WARN_DIRECT_OBJC_ISA_USAGE = YES_ERROR;
				CLANG_WARN_DOCUMENTATION_COMMENTS = YES;
				CLANG_WARN_EMPTY_BODY = YES;
				CLANG_WARN_ENUM_CONVERSION = YES;
				CLANG_WARN_INT_CONVERSION = YES;
				CLANG_WARN_OBJC_ROOT_CLASS = YES_ERROR;
				CLANG_WARN_UNREACHABLE_CODE = YES;
				CLANG_WARN__DUPLICATE_METHOD_MATCH = YES;
				"CODE_SIGN_IDENTITY[sdk=iphoneos*]" = "iPhone Developer";
				COPY_PHASE_STRIP = NO;
				DEBUG_INFORMATION_FORMAT = "dwarf-with-dsym";
				ENABLE_NS_ASSERTIONS = NO;
				ENABLE_STRICT_OBJC_MSGSEND = YES;
				GCC_C_LANGUAGE_STANDARD = gnu99;
				GCC_NO_COMMON_BLOCKS = YES;
				GCC_WARN_64_TO_32_BIT_CONVERSION = YES;
				GCC_WARN_ABOUT_RETURN_TYPE = YES_ERROR;
				GCC_WARN_UNDECLARED_SELECTOR = YES;
				GCC_WARN_UNINITIALIZED_AUTOS = YES_AGGRESSIVE;
				GCC_WARN_UNUSED_FUNCTION = YES;
				GCC_WARN_UNUSED_VARIABLE = YES;
				IPHONEOS_DEPLOYMENT_TARGET = 10.0;
				MTL_ENABLE_DEBUG_INFO = NO;
				SDKROOT = iphoneos;
				SWIFT_OPTIMIZATION_LEVEL = "-Owholemodule";
				TARGETED_DEVICE_FAMILY = "1,2";
				VALIDATE_PRODUCT = YES;
			};
			name = Release;
		};
		219D228E1D64052900EC19FA /* Debug */ = {
			isa = XCBuildConfiguration;
			buildSettings = {
				ASSETCATALOG_COMPILER_APPICON_NAME = AppIcon;
				INFOPLIST_FILE = Gestures/Info.plist;
				IPHONEOS_DEPLOYMENT_TARGET = 10.0;
				LD_RUNPATH_SEARCH_PATHS = "$(inherited) @executable_path/Frameworks";
				PRODUCT_BUNDLE_IDENTIFIER = PacktPub.Gestures;
				PRODUCT_NAME = "$(TARGET_NAME)";
				SWIFT_VERSION = 3.0;
			};
			name = Debug;
		};
		219D228F1D64052900EC19FA /* Release */ = {
			isa = XCBuildConfiguration;
			buildSettings = {
				ASSETCATALOG_COMPILER_APPICON_NAME = AppIcon;
				INFOPLIST_FILE = Gestures/Info.plist;
				IPHONEOS_DEPLOYMENT_TARGET = 10.0;
				LD_RUNPATH_SEARCH_PATHS = "$(inherited) @executable_path/Frameworks";
				PRODUCT_BUNDLE_IDENTIFIER = PacktPub.Gestures;
				PRODUCT_NAME = "$(TARGET_NAME)";
				SWIFT_VERSION = 3.0;
			};
			name = Release;
		};
/* End XCBuildConfiguration section */

/* Begin XCConfigurationList section */
		219D22761D64052900EC19FA /* Build configuration list for PBXProject "Gestures" */ = {
			isa = XCConfigurationList;
			buildConfigurations = (
				219D228B1D64052900EC19FA /* Debug */,
				219D228C1D64052900EC19FA /* Release */,
			);
			defaultConfigurationIsVisible = 0;
			defaultConfigurationName = Release;
		};
		219D228D1D64052900EC19FA /* Build configuration list for PBXNativeTarget "Gestures" */ = {
			isa = XCConfigurationList;
			buildConfigurations = (
				219D228E1D64052900EC19FA /* Debug */,
				219D228F1D64052900EC19FA /* Release */,
			);
			defaultConfigurationIsVisible = 0;
			defaultConfigurationName = Release;
		};
/* End XCConfigurationList section */
	};
	rootObject = 219D22731D64052900EC19FA /* Project object */;
}
