// !$*UTF8*$!
{
	archiveVersion = 1;
	classes = {
	};
	objectVersion = 46;
	objects = {

/* Begin PBXBuildFile section */
		21ADC53B1D3889FD00E621B6 /* AppDelegate.swift in Sources */ = {isa = PBXBuildFile; fileRef = 21ADC53A1D3889FD00E621B6 /* AppDelegate.swift */; };
		21ADC5401D3889FD00E621B6 /* Main.storyboard in Resources */ = {isa = PBXBuildFile; fileRef = 21ADC53E1D3889FD00E621B6 /* Main.storyboard */; };
		21ADC5421D3889FD00E621B6 /* Assets.xcassets in Resources */ = {isa = PBXBuildFile; fileRef = 21ADC5411D3889FD00E621B6 /* Assets.xcassets */; };
		21ADC5451D3889FD00E621B6 /* LaunchScreen.storyboard in Resources */ = {isa = PBXBuildFile; fileRef = 21ADC5431D3889FD00E621B6 /* LaunchScreen.storyboard */; };
		21E74EC71D3BF99500375106 /* ViewController.swift in Sources */ = {isa = PBXBuildFile; fileRef = 21E74EC61D3BF99500375106 /* ViewController.swift */; };
/* End PBXBuildFile section */

/* Begin PBXFileReference section */
		21ADC5371D3889FD00E621B6 /* HelloWorld.app */ = {isa = PBXFileReference; explicitFileType = wrapper.application; includeInIndex = 0; path = HelloWorld.app; sourceTree = BUILT_PRODUCTS_DIR; };
		21ADC53A1D3889FD00E621B6 /* AppDelegate.swift */ = {isa = PBXFileReference; lastKnownFileType = sourcecode.swift; path = AppDelegate.swift; sourceTree = "<group>"; };
		21ADC53F1D3889FD00E621B6 /* Base */ = {isa = PBXFileReference; lastKnownFileType = file.storyboard; name = Base; path = Base.lproj/Main.storyboard; sourceTree = "<group>"; };
		21ADC5411D3889FD00E621B6 /* Assets.xcassets */ = {isa = PBXFileReference; lastKnownFileType = folder.assetcatalog; path = Assets.xcassets; sourceTree = "<group>"; };
		21ADC5441D3889FD00E621B6 /* Base */ = {isa = PBXFileReference; lastKnownFileType = file.storyboard; name = Base; path = Base.lproj/LaunchScreen.storyboard; sourceTree = "<group>"; };
		21ADC5461D3889FD00E621B6 /* Info.plist */ = {isa = PBXFileReference; lastKnownFileType = text.plist.xml; path = Info.plist; sourceTree = "<group>"; };
		21E74EC61D3BF99500375106 /* ViewController.swift */ = {isa = PBXFileReference; fileEncoding = 4; lastKnownFileType = sourcecode.swift; path = ViewController.swift; sourceTree = "<group>"; };
/* End PBXFileReference section */

/* Begin PBXFrameworksBuildPhase section */
		21ADC5341D3889FD00E621B6 /* Frameworks */ = {
			isa = PBXFrameworksBuildPhase;
			buildActionMask = 2147483647;
			files = (
			);
			runOnlyForDeploymentPostprocessing = 0;
		};
/* End PBXFrameworksBuildPhase section */

/* Begin PBXGroup section */
		21ADC52E1D3889FD00E621B6 = {
			isa = PBXGroup;
			children = (
				21ADC5391D3889FD00E621B6 /* HelloWorld */,
				21ADC5381D3889FD00E621B6 /* Products */,
			);
			sourceTree = "<group>";
		};
		21ADC5381D3889FD00E621B6 /* Products */ = {
			isa = PBXGroup;
			children = (
				21ADC5371D3889FD00E621B6 /* HelloWorld.app */,
			);
			name = Products;
			sourceTree = "<group>";
		};
		21ADC5391D3889FD00E621B6 /* HelloWorld */ = {
			isa = PBXGroup;
			children = (
				21ADC53A1D3889FD00E621B6 /* AppDelegate.swift */,
				21E74EC61D3BF99500375106 /* ViewController.swift */,
				21ADC53E1D3889FD00E621B6 /* Main.storyboard */,
				21ADC5411D3889FD00E621B6 /* Assets.xcassets */,
				21ADC5431D3889FD00E621B6 /* LaunchScreen.storyboard */,
				21ADC5461D3889FD00E621B6 /* Info.plist */,
			);
			path = HelloWorld;
			sourceTree = "<group>";
		};
/* End PBXGroup section */

/* Begin PBXNativeTarget section */
		21ADC5361D3889FD00E621B6 /* HelloWorld */ = {
			isa = PBXNativeTarget;
			buildConfigurationList = 21ADC5491D3889FD00E621B6 /* Build configuration list for PBXNativeTarget "HelloWorld" */;
			buildPhases = (
				21ADC5331D3889FD00E621B6 /* Sources */,
				21ADC5341D3889FD00E621B6 /* Frameworks */,
				21ADC5351D3889FD00E621B6 /* Resources */,
			);
			buildRules = (
			);
			dependencies = (
			);
			name = HelloWorld;
			productName = HelloWorld;
			productReference = 21ADC5371D3889FD00E621B6 /* HelloWorld.app */;
			productType = "com.apple.product-type.application";
		};
/* End PBXNativeTarget section */

/* Begin PBXProject section */
		21ADC52F1D3889FD00E621B6 /* Project object */ = {
			isa = PBXProject;
			attributes = {
				LastSwiftUpdateCheck = 0800;
				LastUpgradeCheck = 0800;
				ORGANIZATIONNAME = PacktPub;
				TargetAttributes = {
					21ADC5361D3889FD00E621B6 = {
						CreatedOnToolsVersion = 8.0;
						DevelopmentTeam = C8L677C7HM;
						DevelopmentTeamName = "Jak Tiano";
						ProvisioningStyle = Automatic;
					};
				};
			};
			buildConfigurationList = 21ADC5321D3889FD00E621B6 /* Build configuration list for PBXProject "HelloWorld" */;
			compatibilityVersion = "Xcode 3.2";
			developmentRegion = English;
			hasScannedForEncodings = 0;
			knownRegions = (
				en,
				Base,
			);
			mainGroup = 21ADC52E1D3889FD00E621B6;
			productRefGroup = 21ADC5381D3889FD00E621B6 /* Products */;
			projectDirPath = "";
			projectRoot = "";
			targets = (
				21ADC5361D3889FD00E621B6 /* HelloWorld */,
			);
		};
/* End PBXProject section */

/* Begin PBXResourcesBuildPhase section */
		21ADC5351D3889FD00E621B6 /* Resources */ = {
			isa = PBXResourcesBuildPhase;
			buildActionMask = 2147483647;
			files = (
				21ADC5451D3889FD00E621B6 /* LaunchScreen.storyboard in Resources */,
				21ADC5421D3889FD00E621B6 /* Assets.xcassets in Resources */,
				21ADC5401D3889FD00E621B6 /* Main.storyboard in Resources */,
			);
			runOnlyForDeploymentPostprocessing = 0;
		};
/* End PBXResourcesBuildPhase section */

/* Begin PBXSourcesBuildPhase section */
		21ADC5331D3889FD00E621B6 /* Sources */ = {
			isa = PBXSourcesBuildPhase;
			buildActionMask = 2147483647;
			files = (
				21E74EC71D3BF99500375106 /* ViewController.swift in Sources */,
				21ADC53B1D3889FD00E621B6 /* AppDelegate.swift in Sources */,
			);
			runOnlyForDeploymentPostprocessing = 0;
		};
/* End PBXSourcesBuildPhase section */

/* Begin PBXVariantGroup section */
		21ADC53E1D3889FD00E621B6 /* Main.storyboard */ = {
			isa = PBXVariantGroup;
			children = (
				21ADC53F1D3889FD00E621B6 /* Base */,
			);
			name = Main.storyboard;
			sourceTree = "<group>";
		};
		21ADC5431D3889FD00E621B6 /* LaunchScreen.storyboard */ = {
			isa = PBXVariantGroup;
			children = (
				21ADC5441D3889FD00E621B6 /* Base */,
			);
			name = LaunchScreen.storyboard;
			sourceTree = "<group>";
		};
/* End PBXVariantGroup section */

/* Begin XCBuildConfiguration section */
		21ADC5471D3889FD00E621B6 /* Debug */ = {
			isa = XCBuildConfiguration;
			buildSettings = {
				ALWAYS_SEARCH_USER_PATHS = NO;
				CLANG_ANALYZER_NONNULL = YES;
				CLANG_CXX_LANGUAGE_STANDARD = "gnu++0x";
				CLANG_CXX_LIBRARY = "libc++";
				CLANG_ENABLE_MODULES = YES;
				CLANG_ENABLE_OBJC_ARC = YES;
				CLANG_WARN_BOOL_CONVERSION = YES;
				CLANG_WARN_CONSTANT_CONVERSION = YES;
				CLANG_WARN_DIRECT_OBJC_ISA_USAGE = YES_ERROR;
				CLANG_WARN_DOCUMENTATION_COMMENTS = YES;
				CLANG_WARN_EMPTY_BODY = YES;
				CLANG_WARN_ENUM_CONVERSION = YES;
				CLANG_WARN_INT_CONVERSION = YES;
				CLANG_WARN_OBJC_ROOT_CLASS = YES_ERROR;
				CLANG_WARN_UNREACHABLE_CODE = YES;
				CLANG_WARN__DUPLICATE_METHOD_MATCH = YES;
				"CODE_SIGN_IDENTITY[sdk=iphoneos*]" = "iPhone Developer";
				COPY_PHASE_STRIP = NO;
				DEBUG_INFORMATION_FORMAT = dwarf;
				ENABLE_STRICT_OBJC_MSGSEND = YES;
				ENABLE_TESTABILITY = YES;
				GCC_C_LANGUAGE_STANDARD = gnu99;
				GCC_DYNAMIC_NO_PIC = NO;
				GCC_NO_COMMON_BLOCKS = YES;
				GCC_OPTIMIZATION_LEVEL = 0;
				GCC_PREPROCESSOR_DEFINITIONS = (
					"DEBUG=1",
					"$(inherited)",
				);
				GCC_WARN_64_TO_32_BIT_CONVERSION = YES;
				GCC_WARN_ABOUT_RETURN_TYPE = YES_ERROR;
				GCC_WARN_UNDECLARED_SELECTOR = YES;
				GCC_WARN_UNINITIALIZED_AUTOS = YES_AGGRESSIVE;
				GCC_WARN_UNUSED_FUNCTION = YES;
				GCC_WARN_UNUSED_VARIABLE = YES;
				IPHONEOS_DEPLOYMENT_TARGET = 10.0;
				MTL_ENABLE_DEBUG_INFO = YES;
				ONLY_ACTIVE_ARCH = YES;
				SDKROOT = iphoneos;
				SWIFT_ACTIVE_COMPILATION_CONDITIONS = DEBUG;
				SWIFT_OPTIMIZATION_LEVEL = "-Onone";
				TARGETED_DEVICE_FAMILY = "1,2";
			};
			name = Debug;
		};
		21ADC5481D3889FD00E621B6 /* Release */ = {
			isa = XCBuildConfiguration;
			buildSettings = {
				ALWAYS_SEARCH_USER_PATHS = NO;
				CLANG_ANALYZER_NONNULL = YES;
				CLANG_CXX_LANGUAGE_STANDARD = "gnu++0x";
				CLANG_CXX_LIBRARY = "libc++";
				CLANG_ENABLE_MODULES = YES;
				CLANG_ENABLE_OBJC_ARC = YES;
				CLANG_WARN_BOOL_CONVERSION = YES;
				CLANG_WARN_CONSTANT_CONVERSION = YES;
				CLANG_WARN_DIRECT_OBJC_ISA_USAGE = YES_ERROR;
				CLANG_WARN_DOCUMENTATION_COMMENTS = YES;
				CLANG_WARN_EMPTY_BODY = YES;
				CLANG_WARN_ENUM_CONVERSION = YES;
				CLANG_WARN_INT_CONVERSION = YES;
				CLANG_WARN_OBJC_ROOT_CLASS = YES_ERROR;
				CLANG_WARN_UNREACHABLE_CODE = YES;
				CLANG_WARN__DUPLICATE_METHOD_MATCH = YES;
				"CODE_SIGN_IDENTITY[sdk=iphoneos*]" = "iPhone Developer";
				COPY_PHASE_STRIP = NO;
				DEBUG_INFORMATION_FORMAT = "dwarf-with-dsym";
				ENABLE_NS_ASSERTIONS = NO;
				ENABLE_STRICT_OBJC_MSGSEND = YES;
				GCC_C_LANGUAGE_STANDARD = gnu99;
				GCC_NO_COMMON_BLOCKS = YES;
				GCC_WARN_64_TO_32_BIT_CONVERSION = YES;
				GCC_WARN_ABOUT_RETURN_TYPE = YES_ERROR;
				GCC_WARN_UNDECLARED_SELECTOR = YES;
				GCC_WARN_UNINITIALIZED_AUTOS = YES_AGGRESSIVE;
				GCC_WARN_UNUSED_FUNCTION = YES;
				GCC_WARN_UNUSED_VARIABLE = YES;
				IPHONEOS_DEPLOYMENT_TARGET = 10.0;
				MTL_ENABLE_DEBUG_INFO = NO;
				SDKROOT = iphoneos;
				SWIFT_OPTIMIZATION_LEVEL = "-Owholemodule";
				TARGETED_DEVICE_FAMILY = "1,2";
				VALIDATE_PRODUCT = YES;
			};
			name = Release;
		};
		21ADC54A1D3889FD00E621B6 /* Debug */ = {
			isa = XCBuildConfiguration;
			buildSettings = {
				ASSETCATALOG_COMPILER_APPICON_NAME = AppIcon;
				"CODE_SIGN_IDENTITY[sdk=iphoneos*]" = "iPhone Developer";
				INFOPLIST_FILE = HelloWorld/Info.plist;
				LD_RUNPATH_SEARCH_PATHS = "$(inherited) @executable_path/Frameworks";
				PRODUCT_BUNDLE_IDENTIFIER = PacktPub.HelloWorld;
				PRODUCT_NAME = "$(TARGET_NAME)";
				SWIFT_VERSION = 3.0;
			};
			name = Debug;
		};
		21ADC54B1D3889FD00E621B6 /* Release */ = {
			isa = XCBuildConfiguration;
			buildSettings = {
				ASSETCATALOG_COMPILER_APPICON_NAME = AppIcon;
				"CODE_SIGN_IDENTITY[sdk=iphoneos*]" = "iPhone Developer";
				INFOPLIST_FILE = HelloWorld/Info.plist;
				LD_RUNPATH_SEARCH_PATHS = "$(inherited) @executable_path/Frameworks";
				PRODUCT_BUNDLE_IDENTIFIER = PacktPub.HelloWorld;
				PRODUCT_NAME = "$(TARGET_NAME)";
				SWIFT_VERSION = 3.0;
			};
			name = Release;
		};
/* End XCBuildConfiguration section */

/* Begin XCConfigurationList section */
		21ADC5321D3889FD00E621B6 /* Build configuration list for PBXProject "HelloWorld" */ = {
			isa = XCConfigurationList;
			buildConfigurations = (
				21ADC5471D3889FD00E621B6 /* Debug */,
				21ADC5481D3889FD00E621B6 /* Release */,
			);
			defaultConfigurationIsVisible = 0;
			defaultConfigurationName = Release;
		};
		21ADC5491D3889FD00E621B6 /* Build configuration list for PBXNativeTarget "HelloWorld" */ = {
			isa = XCConfigurationList;
			buildConfigurations = (
				21ADC54A1D3889FD00E621B6 /* Debug */,
				21ADC54B1D3889FD00E621B6 /* Release */,
			);
			defaultConfigurationIsVisible = 0;
			defaultConfigurationName = Release;
		};
/* End XCConfigurationList section */
	};
	rootObject = 21ADC52F1D3889FD00E621B6 /* Project object */;
}
